
Microsoft Visual Studio Solution File, Format Version 12.00
# Visual Studio Version 17
VisualStudioVersion = 17.12.35527.113
MinimumVisualStudioVersion = 10.0.40219.1
Project("{FAE04EC0-301F-11D3-BF4B-00C04F79EFBC}") = "InMemoryApp.Web", "InMemoryApp.Web\InMemoryApp.Web.csproj", "{EB19DFE7-56F5-4E81-A00A-87095F0C3347}"
EndProject
Project("{FAE04EC0-301F-11D3-BF4B-00C04F79EFBC}") = "IDistributedCacheRedisApp.Web", "IDistributedCacheRedisApp.Web\IDistributedCacheRedisApp.Web.csproj", "{EF8541EE-F4A4-408C-8D14-9111A13EB6E2}"
EndProject
Project("{FAE04EC0-301F-11D3-BF4B-00C04F79EFBC}") = "RedisExchangeAPI.Web", "RedisExchangeAPI.Web\RedisExchangeAPI.Web.csproj", "{46CBA324-E614-43C1-95D5-E9B11F392BD1}"
EndProject
Project("{FAE04EC0-301F-11D3-BF4B-00C04F79EFBC}") = "RedisExampleApp.API", "RedisExampleApp.API\RedisExampleApp.API.csproj", "{EB315308-A30B-4FCA-B966-53D2E7C575B7}"
EndProject
Global
	GlobalSection(SolutionConfigurationPlatforms) = preSolution
		Debug|Any CPU = Debug|Any CPU
		Release|Any CPU = Release|Any CPU
	EndGlobalSection
	GlobalSection(ProjectConfigurationPlatforms) = postSolution
		{EB19DFE7-56F5-4E81-A00A-87095F0C3347}.Debug|Any CPU.ActiveCfg = Debug|Any CPU
		{EB19DFE7-56F5-4E81-A00A-87095F0C3347}.Debug|Any CPU.Build.0 = Debug|Any CPU
		{EB19DFE7-56F5-4E81-A00A-87095F0C3347}.Release|Any CPU.ActiveCfg = Release|Any CPU
		{EB19DFE7-56F5-4E81-A00A-87095F0C3347}.Release|Any CPU.Build.0 = Release|Any CPU
		{EF8541EE-F4A4-408C-8D14-9111A13EB6E2}.Debug|Any CPU.ActiveCfg = Debug|Any CPU
		{EF8541EE-F4A4-408C-8D14-9111A13EB6E2}.Debug|Any CPU.Build.0 = Debug|Any CPU
		{EF8541EE-F4A4-408C-8D14-9111A13EB6E2}.Release|Any CPU.ActiveCfg = Release|Any CPU
		{EF8541EE-F4A4-408C-8D14-9111A13EB6E2}.Release|Any CPU.Build.0 = Release|Any CPU
		{46CBA324-E614-43C1-95D5-E9B11F392BD1}.Debug|Any CPU.ActiveCfg = Debug|Any CPU
		{46CBA324-E614-43C1-95D5-E9B11F392BD1}.Debug|Any CPU.Build.0 = Debug|Any CPU
		{46CBA324-E614-43C1-95D5-E9B11F392BD1}.Release|Any CPU.ActiveCfg = Release|Any CPU
		{46CBA324-E614-43C1-95D5-E9B11F392BD1}.Release|Any CPU.Build.0 = Release|Any CPU
		{EB315308-A30B-4FCA-B966-53D2E7C575B7}.Debug|Any CPU.ActiveCfg = Debug|Any CPU
		{EB315308-A30B-4FCA-B966-53D2E7C575B7}.Debug|Any CPU.Build.0 = Debug|Any CPU
		{EB315308-A30B-4FCA-B966-53D2E7C575B7}.Release|Any CPU.ActiveCfg = Release|Any CPU
		{EB315308-A30B-4FCA-B966-53D2E7C575B7}.Release|Any CPU.Build.0 = Release|Any CPU
	EndGlobalSection
	GlobalSection(SolutionProperties) = preSolution
		HideSolutionNode = FALSE
	EndGlobalSection
EndGlobal
